
Microsoft Visual Studio Solution File, Format Version 12.00
# Visual Studio Version 17
VisualStudioVersion = 17.5.33414.496
MinimumVisualStudioVersion = 10.0.40219.1
Project("{FAE04EC0-301F-11D3-BF4B-00C04F79EFBC}") = "SOAPAPI_Automation_Session4", "SOAPAPI_Automation_Session4\SOAPAPI_Automation_Session4.csproj", "{06FB980E-5809-4141-9340-A7F3D9691B95}"
EndProject
Global
	GlobalSection(SolutionConfigurationPlatforms) = preSolution
		Debug|Any CPU = Debug|Any CPU
		Release|Any CPU = Release|Any CPU
	EndGlobalSection
	GlobalSection(ProjectConfigurationPlatforms) = postSolution
		{06FB980E-5809-4141-9340-A7F3D9691B95}.Debug|Any CPU.ActiveCfg = Debug|Any CPU
		{06FB980E-5809-4141-9340-A7F3D9691B95}.Debug|Any CPU.Build.0 = Debug|Any CPU
		{06FB980E-5809-4141-9340-A7F3D9691B95}.Release|Any CPU.ActiveCfg = Release|Any CPU
		{06FB980E-5809-4141-9340-A7F3D9691B95}.Release|Any CPU.Build.0 = Release|Any CPU
	EndGlobalSection
	GlobalSection(SolutionProperties) = preSolution
		HideSolutionNode = FALSE
	EndGlobalSection
	GlobalSection(ExtensibilityGlobals) = postSolution
		SolutionGuid = {C825013D-CDAA-4EB6-A776-55CB869FADB1}
	EndGlobalSection
EndGlobal
