
Microsoft Visual Studio Solution File, Format Version 12.00
# Visual Studio Version 17
VisualStudioVersion = 17.5.33414.496
MinimumVisualStudioVersion = 10.0.40219.1
Project("{9A19103F-16F7-4668-BE54-9A1E7A4F7556}") = "HTTPClient", "HTTPClient\HTTPClient.csproj", "{8926210E-0983-4D4C-A49E-11907DBB8A39}"
EndProject
Project("{9A19103F-16F7-4668-BE54-9A1E7A4F7556}") = "Rest_Sharp", "RestSharp\Rest_Sharp.csproj", "{CC5116B3-1D30-49C9-9CC6-474E4081623B}"
EndProject
Project("{9A19103F-16F7-4668-BE54-9A1E7A4F7556}") = "SOAP", "SOAP\SOAP.csproj", "{F7A69573-C9CC-4B9A-84E9-CEC934DBF684}"
EndProject
Global
	GlobalSection(SolutionConfigurationPlatforms) = preSolution
		Debug|Any CPU = Debug|Any CPU
		Release|Any CPU = Release|Any CPU
	EndGlobalSection
	GlobalSection(ProjectConfigurationPlatforms) = postSolution
		{8926210E-0983-4D4C-A49E-11907DBB8A39}.Debug|Any CPU.ActiveCfg = Debug|Any CPU
		{8926210E-0983-4D4C-A49E-11907DBB8A39}.Debug|Any CPU.Build.0 = Debug|Any CPU
		{8926210E-0983-4D4C-A49E-11907DBB8A39}.Release|Any CPU.ActiveCfg = Release|Any CPU
		{8926210E-0983-4D4C-A49E-11907DBB8A39}.Release|Any CPU.Build.0 = Release|Any CPU
		{CC5116B3-1D30-49C9-9CC6-474E4081623B}.Debug|Any CPU.ActiveCfg = Debug|Any CPU
		{CC5116B3-1D30-49C9-9CC6-474E4081623B}.Debug|Any CPU.Build.0 = Debug|Any CPU
		{CC5116B3-1D30-49C9-9CC6-474E4081623B}.Release|Any CPU.ActiveCfg = Release|Any CPU
		{CC5116B3-1D30-49C9-9CC6-474E4081623B}.Release|Any CPU.Build.0 = Release|Any CPU
		{F7A69573-C9CC-4B9A-84E9-CEC934DBF684}.Debug|Any CPU.ActiveCfg = Debug|Any CPU
		{F7A69573-C9CC-4B9A-84E9-CEC934DBF684}.Debug|Any CPU.Build.0 = Debug|Any CPU
		{F7A69573-C9CC-4B9A-84E9-CEC934DBF684}.Release|Any CPU.ActiveCfg = Release|Any CPU
		{F7A69573-C9CC-4B9A-84E9-CEC934DBF684}.Release|Any CPU.Build.0 = Release|Any CPU
	EndGlobalSection
	GlobalSection(SolutionProperties) = preSolution
		HideSolutionNode = FALSE
	EndGlobalSection
	GlobalSection(ExtensibilityGlobals) = postSolution
		SolutionGuid = {45A8285E-8AD4-4713-A0E3-0552D1F59DEA}
	EndGlobalSection
EndGlobal
