
Microsoft Visual Studio Solution File, Format Version 12.00
# Visual Studio Version 17
VisualStudioVersion = 17.5.33414.496
MinimumVisualStudioVersion = 10.0.40219.1
Project("{9A19103F-16F7-4668-BE54-9A1E7A4F7556}") = "RestSharp", "HTTPClient\RestSharp.csproj", "{200B775F-816B-4534-9562-EEDD72B11A65}"
EndProject
Global
	GlobalSection(SolutionConfigurationPlatforms) = preSolution
		Debug|Any CPU = Debug|Any CPU
		Release|Any CPU = Release|Any CPU
	EndGlobalSection
	GlobalSection(ProjectConfigurationPlatforms) = postSolution
		{200B775F-816B-4534-9562-EEDD72B11A65}.Debug|Any CPU.ActiveCfg = Debug|Any CPU
		{200B775F-816B-4534-9562-EEDD72B11A65}.Debug|Any CPU.Build.0 = Debug|Any CPU
		{200B775F-816B-4534-9562-EEDD72B11A65}.Release|Any CPU.ActiveCfg = Release|Any CPU
		{200B775F-816B-4534-9562-EEDD72B11A65}.Release|Any CPU.Build.0 = Release|Any CPU
	EndGlobalSection
	GlobalSection(SolutionProperties) = preSolution
		HideSolutionNode = FALSE
	EndGlobalSection
	GlobalSection(ExtensibilityGlobals) = postSolution
		SolutionGuid = {514158FD-881F-4A98-91BE-505490321674}
	EndGlobalSection
EndGlobal
